{
  "nodes": {
    "disko": {
      "inputs": {
        "nixpkgs": [
          "nixpkgs"
        ]
      },
      "locked": {
        "lastModified": 1719864345,
        "narHash": "sha256-e4Pw+30vFAxuvkSTaTypd9zYemB/QlWcH186dsGT+Ms=",
        "owner": "nix-community",
        "repo": "disko",
        "rev": "544a80a69d6e2da04e4df7ec8210a858de8c7533",
        "type": "github"
      },
      "original": {
        "owner": "nix-community",
        "repo": "disko",
        "type": "github"
      }
    },
    "mgit-exporter": {
      "inputs": {
        "nixpkgs": [
          "nixpkgs"
        ],
        "patches4nixpkgs": [
          "patches4nixpkgs"
        ]
      },
      "locked": {
        "lastModified": 1714487334,
        "narHash": "sha256-U6KBVmKhQ4AVN/MAXtpTBJHmesKwk/RMmV58Cy72Gfs=",
        "owner": "mgit-at",
        "repo": "prometheus-mgit-exporter",
        "rev": "38fc5cf4634e455220b42100866ba0a274db4183",
        "type": "github"
      },
      "original": {
        "owner": "mgit-at",
        "ref": "topic/nixos",
        "repo": "prometheus-mgit-exporter",
        "type": "github"
      }
    },
    "nix-index-database": {
      "inputs": {
        "nixpkgs": [
          "nixpkgs"
        ]
      },
      "locked": {
        "lastModified": 1719832725,
        "narHash": "sha256-dr8DkeS74KVNTgi8BE0BiUKALb+EKlMIV86G2xPYO64=",
        "owner": "nix-community",
        "repo": "nix-index-database",
        "rev": "2917972ed34ce292309b3a4976286f8b5c08db27",
        "type": "github"
      },
      "original": {
        "owner": "nix-community",
        "repo": "nix-index-database",
        "type": "github"
      }
    },
    "nix-unify": {
      "inputs": {
        "nixpkgs": [
          "nixpkgs"
        ]
      },
      "locked": {
        "lastModified": 1716219731,
        "narHash": "sha256-M7Sxg/VDqABkrBnvTB3xzjFe0yfif2cwsoPK5K6SlvQ=",
        "owner": "mgit-at",
        "repo": "nix-unify",
        "rev": "69d4b98667c9b6074649af96eaa8e418702f85fd",
        "type": "github"
      },
      "original": {
        "owner": "mgit-at",
        "ref": "master",
        "repo": "nix-unify",
        "type": "github"
      }
    },
    "nixpkgs": {
      "locked": {
        "lastModified": 1719848872,
        "narHash": "sha256-H3+EC5cYuq+gQW8y0lSrrDZfH71LB4DAf+TDFyvwCNA=",
        "owner": "nixos",
        "repo": "nixpkgs",
        "rev": "00d80d13810dbfea8ab4ed1009b09100cca86ba8",
        "type": "github"
      },
      "original": {
        "owner": "nixos",
        "ref": "nixos-unstable",
        "repo": "nixpkgs",
        "type": "github"
      }
    },
    "patches4nixpkgs": {
      "locked": {
        "lastModified": 1713984892,
        "narHash": "sha256-rPu+gkj3qvjor3vvAFurlonyo03bop8s84fvvtNq5mc=",
        "owner": "mgit-at",
        "repo": "patches4nixpkgs",
        "rev": "24952ef04759d20868efe437bb4a88e8dc0265e3",
        "type": "github"
      },
      "original": {
        "owner": "mgit-at",
        "ref": "master",
        "repo": "patches4nixpkgs",
        "type": "github"
      }
    },
    "root": {
      "inputs": {
        "disko": "disko",
        "mgit-exporter": "mgit-exporter",
        "nix-index-database": "nix-index-database",
        "nix-unify": "nix-unify",
        "nixpkgs": "nixpkgs",
        "patches4nixpkgs": "patches4nixpkgs"
      }
    }
  },
  "root": "root",
  "version": 7
}
