{
  "nodes": {
    "disko": {
      "inputs": {
        "nixpkgs": [
          "nixpkgs"
        ]
      },
      "locked": {
        "lastModified": 1727359191,
        "narHash": "sha256-5PltTychnExFwzpEnY3WhOywaMV/M6NxYI/y3oXuUtw=",
        "owner": "nix-community",
        "repo": "disko",
        "rev": "67dc29be3036cc888f0b9d4f0a788ee0f6768700",
        "type": "github"
      },
      "original": {
        "owner": "nix-community",
        "repo": "disko",
        "type": "github"
      }
    },
    "mgit-exporter": {
      "inputs": {
        "nixpkgs": [
          "nixpkgs"
        ],
        "patches4nixpkgs": [
          "patches4nixpkgs"
        ]
      },
      "locked": {
        "lastModified": 1727526170,
        "narHash": "sha256-IDZy/T51RBPRRoa27OmrgzoAMYQ9k9kICmqDsG7a+Z8=",
        "owner": "mgit-at",
        "repo": "prometheus-mgit-exporter",
        "rev": "2e33843669c2fb8d1ac8e33c366904ea6dedbb81",
        "type": "github"
      },
      "original": {
        "owner": "mgit-at",
        "ref": "topic/nixos",
        "repo": "prometheus-mgit-exporter",
        "type": "github"
      }
    },
    "nix-index-database": {
      "inputs": {
        "nixpkgs": [
          "nixpkgs"
        ]
      },
      "locked": {
        "lastModified": 1726975622,
        "narHash": "sha256-bPDZosnom0+02ywmMZAvmj7zvsQ6mVv/5kmvSgbTkaY=",
        "owner": "nix-community",
        "repo": "nix-index-database",
        "rev": "c7515c2fdaf2e1f3f49856cef6cec95bb2138417",
        "type": "github"
      },
      "original": {
        "owner": "nix-community",
        "repo": "nix-index-database",
        "type": "github"
      }
    },
    "nix-unify": {
      "inputs": {
        "nixpkgs": [
          "nixpkgs"
        ]
      },
      "locked": {
        "lastModified": 1727526428,
        "narHash": "sha256-Amte8t+ImQ8u5le0wu7LdfYnh0b+HWQ1SpraoBS5zpg=",
        "owner": "mgit-at",
        "repo": "nix-unify",
        "rev": "b60be5ac4b368da503dde176623e5f460a3257d1",
        "type": "github"
      },
      "original": {
        "owner": "mgit-at",
        "ref": "master",
        "repo": "nix-unify",
        "type": "github"
      }
    },
    "nixpkgs": {
      "locked": {
        "lastModified": 1727348695,
        "narHash": "sha256-J+PeFKSDV+pHL7ukkfpVzCOO7mBSrrpJ3svwBFABbhI=",
        "owner": "nixos",
        "repo": "nixpkgs",
        "rev": "1925c603f17fc89f4c8f6bf6f631a802ad85d784",
        "type": "github"
      },
      "original": {
        "owner": "nixos",
        "ref": "nixos-unstable",
        "repo": "nixpkgs",
        "type": "github"
      }
    },
    "patches4nixpkgs": {
      "locked": {
        "lastModified": 1713984892,
        "narHash": "sha256-rPu+gkj3qvjor3vvAFurlonyo03bop8s84fvvtNq5mc=",
        "owner": "mgit-at",
        "repo": "patches4nixpkgs",
        "rev": "24952ef04759d20868efe437bb4a88e8dc0265e3",
        "type": "github"
      },
      "original": {
        "owner": "mgit-at",
        "ref": "master",
        "repo": "patches4nixpkgs",
        "type": "github"
      }
    },
    "root": {
      "inputs": {
        "disko": "disko",
        "mgit-exporter": "mgit-exporter",
        "nix-index-database": "nix-index-database",
        "nix-unify": "nix-unify",
        "nixpkgs": "nixpkgs",
        "patches4nixpkgs": "patches4nixpkgs"
      }
    }
  },
  "root": "root",
  "version": 7
}
