{
  "nodes": {
    "disko": {
      "inputs": {
        "nixpkgs": [
          "nixpkgs"
        ]
      },
      "locked": {
        "lastModified": 1716431128,
        "narHash": "sha256-t3T8HlX3udO6f4ilLcN+j5eC3m2gqsouzSGiriKK6vk=",
        "owner": "nix-community",
        "repo": "disko",
        "rev": "7ffc4354dfeb37c8c725ae1465f04a9b45ec8606",
        "type": "github"
      },
      "original": {
        "owner": "nix-community",
        "repo": "disko",
        "type": "github"
      }
    },
    "mgit-exporter": {
      "inputs": {
        "nixpkgs": [
          "nixpkgs"
        ],
        "patches4nixpkgs": [
          "patches4nixpkgs"
        ]
      },
      "locked": {
        "lastModified": 1714487334,
        "narHash": "sha256-U6KBVmKhQ4AVN/MAXtpTBJHmesKwk/RMmV58Cy72Gfs=",
        "owner": "mgit-at",
        "repo": "prometheus-mgit-exporter",
        "rev": "38fc5cf4634e455220b42100866ba0a274db4183",
        "type": "github"
      },
      "original": {
        "owner": "mgit-at",
        "ref": "topic/nixos",
        "repo": "prometheus-mgit-exporter",
        "type": "github"
      }
    },
    "nix-index-database": {
      "inputs": {
        "nixpkgs": [
          "nixpkgs"
        ]
      },
      "locked": {
        "lastModified": 1716170277,
        "narHash": "sha256-fCAiox/TuzWGVaAz16PxrR4Jtf9lN5dwWL2W74DS0yI=",
        "owner": "nix-community",
        "repo": "nix-index-database",
        "rev": "e0638db3db43b582512a7de8c0f8363a162842b9",
        "type": "github"
      },
      "original": {
        "owner": "nix-community",
        "repo": "nix-index-database",
        "type": "github"
      }
    },
    "nix-unify": {
      "inputs": {
        "nixpkgs": [
          "nixpkgs"
        ]
      },
      "locked": {
        "lastModified": 1716219731,
        "narHash": "sha256-M7Sxg/VDqABkrBnvTB3xzjFe0yfif2cwsoPK5K6SlvQ=",
        "owner": "mgit-at",
        "repo": "nix-unify",
        "rev": "69d4b98667c9b6074649af96eaa8e418702f85fd",
        "type": "github"
      },
      "original": {
        "owner": "mgit-at",
        "ref": "master",
        "repo": "nix-unify",
        "type": "github"
      }
    },
    "nixpkgs": {
      "locked": {
        "lastModified": 1716330097,
        "narHash": "sha256-8BO3B7e3BiyIDsaKA0tY8O88rClYRTjvAp66y+VBUeU=",
        "owner": "nixos",
        "repo": "nixpkgs",
        "rev": "5710852ba686cc1fd0d3b8e22b3117d43ba374c2",
        "type": "github"
      },
      "original": {
        "owner": "nixos",
        "ref": "nixos-unstable",
        "repo": "nixpkgs",
        "type": "github"
      }
    },
    "patches4nixpkgs": {
      "locked": {
        "lastModified": 1713984892,
        "narHash": "sha256-rPu+gkj3qvjor3vvAFurlonyo03bop8s84fvvtNq5mc=",
        "owner": "mgit-at",
        "repo": "patches4nixpkgs",
        "rev": "24952ef04759d20868efe437bb4a88e8dc0265e3",
        "type": "github"
      },
      "original": {
        "owner": "mgit-at",
        "ref": "master",
        "repo": "patches4nixpkgs",
        "type": "github"
      }
    },
    "root": {
      "inputs": {
        "disko": "disko",
        "mgit-exporter": "mgit-exporter",
        "nix-index-database": "nix-index-database",
        "nix-unify": "nix-unify",
        "nixpkgs": "nixpkgs",
        "patches4nixpkgs": "patches4nixpkgs"
      }
    }
  },
  "root": "root",
  "version": 7
}
